
Microsoft Visual Studio Solution File, Format Version 12.00
# Visual Studio Version 16
VisualStudioVersion = 16.0.31205.134
MinimumVisualStudioVersion = 10.0.40219.1
Project("{FAE04EC0-301F-11D3-BF4B-00C04F79EFBC}") = "Сервис", "Сервис\Сервис.csproj", "{EDCC6842-B6F5-41E3-9791-15C5CEFD529A}"
EndProject
Global
	GlobalSection(SolutionConfigurationPlatforms) = preSolution
		Debug|Any CPU = Debug|Any CPU
		Release|Any CPU = Release|Any CPU
	EndGlobalSection
	GlobalSection(ProjectConfigurationPlatforms) = postSolution
		{EDCC6842-B6F5-41E3-9791-15C5CEFD529A}.Debug|Any CPU.ActiveCfg = Debug|Any CPU
		{EDCC6842-B6F5-41E3-9791-15C5CEFD529A}.Debug|Any CPU.Build.0 = Debug|Any CPU
		{EDCC6842-B6F5-41E3-9791-15C5CEFD529A}.Release|Any CPU.ActiveCfg = Release|Any CPU
		{EDCC6842-B6F5-41E3-9791-15C5CEFD529A}.Release|Any CPU.Build.0 = Release|Any CPU
	EndGlobalSection
	GlobalSection(SolutionProperties) = preSolution
		HideSolutionNode = FALSE
	EndGlobalSection
	GlobalSection(ExtensibilityGlobals) = postSolution
		SolutionGuid = {EF7E5165-583B-4CBC-9BA5-8750B1FE6A46}
	EndGlobalSection
EndGlobal
